Microsoft Visual Studio Solution File, Format Version 10.00
# Visual Studio 2008
Project("{8BC9CEB8-8B4A-11D0-8D11-00A0C91BC942}") = "CryptAcquireContext", "CryptAcquireContext\CryptAcquireContext.vcproj", "{3F18D939-F691-4EF6-8EAB-0E3BA3ED3392}"
EndProject
Project("{8BC9CEB8-8B4A-11D0-8D11-00A0C91BC942}") = "CodingData", "CodingData\CodingData.vcproj", "{B0E47902-94C1-451F-941F-034BE724D3EB}"
EndProject
Project("{8BC9CEB8-8B4A-11D0-8D11-00A0C91BC942}") = "CryptMessages", "CryptMessages\CryptMessages.vcproj", "{A3513E2C-162F-4267-9347-EE50F2812A5F}"
EndProject
Project("{8BC9CEB8-8B4A-11D0-8D11-00A0C91BC942}") = "CreatingKeyContainer", "CreatingKeyContainer\CreatingKeyContainer.vcproj", "{8CB52174-FD55-4EA4-B85F-85181D5113B0}"
EndProject
Project("{8BC9CEB8-8B4A-11D0-8D11-00A0C91BC942}") = "DerivingSessionKey", "DerivingSessionKey\DerivingSessionKey.vcproj", "{96DAC3BB-7416-4E5F-A71B-0EA05D534206}"
EndProject
Project("{8BC9CEB8-8B4A-11D0-8D11-00A0C91BC942}") = "DuplicatingSessionKey", "DuplicatingSessionKey\DuplicatingSessionKey.vcproj", "{22730270-4792-4EC8-934F-3B4CEB28EB2E}"
EndProject
Project("{8BC9CEB8-8B4A-11D0-8D11-00A0C91BC942}") = "EnumeratingProviders", "EnumeratingProviders\EnumeratingProviders.vcproj", "{FB0FAEB1-B2FB-4BFC-87FB-0AF6049D30C3}"
EndProject
Project("{8BC9CEB8-8B4A-11D0-8D11-00A0C91BC942}") = "ExportingSessionKey", "ExportingSessionKey\ExportingSessionKey.vcproj", "{498C3227-FD0A-4E12-BAA7-0883ACDE0D25}"
EndProject
Project("{8BC9CEB8-8B4A-11D0-8D11-00A0C91BC942}") = "SessionKeyParameters", "SessionKeyParameters\SessionKeyParameters.vcproj", "{81AEDEE7-9FBA-4FFF-AC8B-4CEF12F99C17}"
EndProject
Project("{8BC9CEB8-8B4A-11D0-8D11-00A0C91BC942}") = "ExportingCertificate", "ExportingCertificate\ExportingCertificate.vcproj", "{CE0CABF1-E104-4957-8023-5C76CFC09DB1}"
EndProject
Project("{8BC9CEB8-8B4A-11D0-8D11-00A0C91BC942}") = "KeyCopy", "KeyCopy\KeyCopy.vcproj", "{7406F00F-58D0-47EA-9929-9173DC7B2569}"
EndProject
Project("{8BC9CEB8-8B4A-11D0-8D11-00A0C91BC942}") = "SILENT", "SILENT\SILENT.vcproj", "{F0BFAD6B-52B1-4933-B371-85545347B97E}"
EndProject
Project("{8BC9CEB8-8B4A-11D0-8D11-00A0C91BC942}") = "CreatingHash", "CreatingHash\CreatingHash.vcproj", "{D1D7FDD3-176E-459E-9048-83E744D52018}"
EndProject
Project("{8BC9CEB8-8B4A-11D0-8D11-00A0C91BC942}") = "SigningHash", "SigningHash\SigningHash.vcproj", "{C1A1B718-E809-43E0-8733-4990787EEA72}"
EndProject
Project("{8BC9CEB8-8B4A-11D0-8D11-00A0C91BC942}") = "DuplicatingHash", "DuplicatingHash\DuplicatingHash.vcproj", "{5582147B-CC1B-4ECB-81A4-4E86E5B52C56}"
EndProject
Project("{8BC9CEB8-8B4A-11D0-8D11-00A0C91BC942}") = "ExportInFile", "ExportInFile\ExportInFile.vcproj", "{6800AC5B-74C0-4D5D-9BB9-EA3924DD39C8}"
EndProject
Project("{8BC9CEB8-8B4A-11D0-8D11-00A0C91BC942}") = "EncryptFile", "EncryptFile\EncryptFile.vcproj", "{664B907F-F1C8-4905-8385-9D71615A40F7}"
EndProject
Project("{8BC9CEB8-8B4A-11D0-8D11-00A0C91BC942}") = "DecryptFile", "DecryptFile\DecryptFile.vcproj", "{5B2B2AF6-08AA-44A6-8599-337AB8AB5D3A}"
EndProject
Project("{8BC9CEB8-8B4A-11D0-8D11-00A0C91BC942}") = "XMLSignForVerify", "XMLSignForVerify\XMLSignForVerify.vcproj", "{8D05D287-858F-4B4D-9FB4-63880C17E01A}"
EndProject
Project("{8BC9CEB8-8B4A-11D0-8D11-00A0C91BC942}") = "XMLVerify", "XMLVerify\XMLVerify.vcproj", "{96C97A2D-E102-4395-8EEA-757ED83F4B9B}"
EndProject
Project("{8BC9CEB8-8B4A-11D0-8D11-00A0C91BC942}") = "XMLVerifyTwoSigs", "XMLVerifyTwoSigs\XMLVerifyTwoSigs.vcproj", "{58226949-776E-4B56-B9B5-4A59F50FADC3}"
EndProject
Project("{FAE04EC0-301F-11D3-BF4B-00C04F79EFBC}") = "WordSignCheck", "WordSignCheck\WordSignCheck.csproj", "{24452BE0-5BF2-42B9-B9AC-200E81E1D4BA}"
EndProject
Project("{8BC9CEB8-8B4A-11D0-8D11-00A0C91BC942}") = "CryptMsgSign", "CryptMsgSign\CryptMsgSign.vcproj", "{6CABC1A7-E3AC-489C-8447-6DBDD8692A9B}"
EndProject
Project("{FAE04EC0-301F-11D3-BF4B-00C04F79EFBC}") = "WordPluginCheck", "WordPluginCheck\WordPluginCheck.csproj", "{2A2E66E6-1486-4586-999E-2C1F45E61F3C}"
EndProject
Global
	GlobalSection(SolutionConfigurationPlatforms) = preSolution
		Debug|Any CPU = Debug|Any CPU
		Debug|Itanium = Debug|Itanium
		Debug|Mixed Platforms = Debug|Mixed Platforms
		Debug|Win32 = Debug|Win32
		Release|Any CPU = Release|Any CPU
		Release|Itanium = Release|Itanium
		Release|Mixed Platforms = Release|Mixed Platforms
		Release|Win32 = Release|Win32
	EndGlobalSection
	GlobalSection(ProjectConfigurationPlatforms) = postSolution
		{3F18D939-F691-4EF6-8EAB-0E3BA3ED3392}.Debug|Any CPU.ActiveCfg = Debug|Itanium
		{3F18D939-F691-4EF6-8EAB-0E3BA3ED3392}.Debug|Itanium.ActiveCfg = Debug|Itanium
		{3F18D939-F691-4EF6-8EAB-0E3BA3ED3392}.Debug|Itanium.Build.0 = Debug|Itanium
		{3F18D939-F691-4EF6-8EAB-0E3BA3ED3392}.Debug|Mixed Platforms.ActiveCfg = Debug|Itanium
		{3F18D939-F691-4EF6-8EAB-0E3BA3ED3392}.Debug|Mixed Platforms.Build.0 = Debug|Itanium
		{3F18D939-F691-4EF6-8EAB-0E3BA3ED3392}.Debug|Win32.ActiveCfg = Debug|Win32
		{3F18D939-F691-4EF6-8EAB-0E3BA3ED3392}.Debug|Win32.Build.0 = Debug|Win32
		{3F18D939-F691-4EF6-8EAB-0E3BA3ED3392}.Release|Any CPU.ActiveCfg = IA64debug|Itanium
		{3F18D939-F691-4EF6-8EAB-0E3BA3ED3392}.Release|Itanium.ActiveCfg = IA64debug|Itanium
		{3F18D939-F691-4EF6-8EAB-0E3BA3ED3392}.Release|Itanium.Build.0 = IA64debug|Itanium
		{3F18D939-F691-4EF6-8EAB-0E3BA3ED3392}.Release|Mixed Platforms.ActiveCfg = IA64debug|Itanium
		{3F18D939-F691-4EF6-8EAB-0E3BA3ED3392}.Release|Mixed Platforms.Build.0 = IA64debug|Itanium
		{3F18D939-F691-4EF6-8EAB-0E3BA3ED3392}.Release|Win32.ActiveCfg = IA64debug|Itanium
		{B0E47902-94C1-451F-941F-034BE724D3EB}.Debug|Any CPU.ActiveCfg = Debug|Itanium
		{B0E47902-94C1-451F-941F-034BE724D3EB}.Debug|Itanium.ActiveCfg = Debug|Itanium
		{B0E47902-94C1-451F-941F-034BE724D3EB}.Debug|Itanium.Build.0 = Debug|Itanium
		{B0E47902-94C1-451F-941F-034BE724D3EB}.Debug|Mixed Platforms.ActiveCfg = Debug|Itanium
		{B0E47902-94C1-451F-941F-034BE724D3EB}.Debug|Mixed Platforms.Build.0 = Debug|Itanium
		{B0E47902-94C1-451F-941F-034BE724D3EB}.Debug|Win32.ActiveCfg = Debug|Win32
		{B0E47902-94C1-451F-941F-034BE724D3EB}.Debug|Win32.Build.0 = Debug|Win32
		{B0E47902-94C1-451F-941F-034BE724D3EB}.Release|Any CPU.ActiveCfg = Debug|Itanium
		{B0E47902-94C1-451F-941F-034BE724D3EB}.Release|Itanium.ActiveCfg = Debug|Itanium
		{B0E47902-94C1-451F-941F-034BE724D3EB}.Release|Itanium.Build.0 = Debug|Itanium
		{B0E47902-94C1-451F-941F-034BE724D3EB}.Release|Mixed Platforms.ActiveCfg = Debug|Itanium
		{B0E47902-94C1-451F-941F-034BE724D3EB}.Release|Mixed Platforms.Build.0 = Debug|Itanium
		{B0E47902-94C1-451F-941F-034BE724D3EB}.Release|Win32.ActiveCfg = Debug|Itanium
		{A3513E2C-162F-4267-9347-EE50F2812A5F}.Debug|Any CPU.ActiveCfg = Debug|Itanium
		{A3513E2C-162F-4267-9347-EE50F2812A5F}.Debug|Itanium.ActiveCfg = Debug|Itanium
		{A3513E2C-162F-4267-9347-EE50F2812A5F}.Debug|Itanium.Build.0 = Debug|Itanium
		{A3513E2C-162F-4267-9347-EE50F2812A5F}.Debug|Mixed Platforms.ActiveCfg = Debug|Itanium
		{A3513E2C-162F-4267-9347-EE50F2812A5F}.Debug|Mixed Platforms.Build.0 = Debug|Itanium
		{A3513E2C-162F-4267-9347-EE50F2812A5F}.Debug|Win32.ActiveCfg = Debug|Win32
		{A3513E2C-162F-4267-9347-EE50F2812A5F}.Debug|Win32.Build.0 = Debug|Win32
		{A3513E2C-162F-4267-9347-EE50F2812A5F}.Release|Any CPU.ActiveCfg = IA64debug|Itanium
		{A3513E2C-162F-4267-9347-EE50F2812A5F}.Release|Itanium.ActiveCfg = IA64debug|Itanium
		{A3513E2C-162F-4267-9347-EE50F2812A5F}.Release|Itanium.Build.0 = IA64debug|Itanium
		{A3513E2C-162F-4267-9347-EE50F2812A5F}.Release|Mixed Platforms.ActiveCfg = IA64debug|Itanium
		{A3513E2C-162F-4267-9347-EE50F2812A5F}.Release|Mixed Platforms.Build.0 = IA64debug|Itanium
		{A3513E2C-162F-4267-9347-EE50F2812A5F}.Release|Win32.ActiveCfg = IA64debug|Itanium
		{8CB52174-FD55-4EA4-B85F-85181D5113B0}.Debug|Any CPU.ActiveCfg = Debug|Itanium
		{8CB52174-FD55-4EA4-B85F-85181D5113B0}.Debug|Itanium.ActiveCfg = Debug|Itanium
		{8CB52174-FD55-4EA4-B85F-85181D5113B0}.Debug|Itanium.Build.0 = Debug|Itanium
		{8CB52174-FD55-4EA4-B85F-85181D5113B0}.Debug|Mixed Platforms.ActiveCfg = Debug|Itanium
		{8CB52174-FD55-4EA4-B85F-85181D5113B0}.Debug|Mixed Platforms.Build.0 = Debug|Itanium
		{8CB52174-FD55-4EA4-B85F-85181D5113B0}.Debug|Win32.ActiveCfg = Debug|Win32
		{8CB52174-FD55-4EA4-B85F-85181D5113B0}.Debug|Win32.Build.0 = Debug|Win32
		{8CB52174-FD55-4EA4-B85F-85181D5113B0}.Release|Any CPU.ActiveCfg = Debug|Itanium
		{8CB52174-FD55-4EA4-B85F-85181D5113B0}.Release|Itanium.ActiveCfg = Debug|Itanium
		{8CB52174-FD55-4EA4-B85F-85181D5113B0}.Release|Itanium.Build.0 = Debug|Itanium
		{8CB52174-FD55-4EA4-B85F-85181D5113B0}.Release|Mixed Platforms.ActiveCfg = Debug|Itanium
		{8CB52174-FD55-4EA4-B85F-85181D5113B0}.Release|Mixed Platforms.Build.0 = Debug|Itanium
		{8CB52174-FD55-4EA4-B85F-85181D5113B0}.Release|Win32.ActiveCfg = Debug|Itanium
		{96DAC3BB-7416-4E5F-A71B-0EA05D534206}.Debug|Any CPU.ActiveCfg = Debug|Itanium
		{96DAC3BB-7416-4E5F-A71B-0EA05D534206}.Debug|Itanium.ActiveCfg = Debug|Itanium
		{96DAC3BB-7416-4E5F-A71B-0EA05D534206}.Debug|Itanium.Build.0 = Debug|Itanium
		{96DAC3BB-7416-4E5F-A71B-0EA05D534206}.Debug|Mixed Platforms.ActiveCfg = Debug|Itanium
		{96DAC3BB-7416-4E5F-A71B-0EA05D534206}.Debug|Mixed Platforms.Build.0 = Debug|Itanium
		{96DAC3BB-7416-4E5F-A71B-0EA05D534206}.Debug|Win32.ActiveCfg = Debug|Win32
		{96DAC3BB-7416-4E5F-A71B-0EA05D534206}.Debug|Win32.Build.0 = Debug|Win32
		{96DAC3BB-7416-4E5F-A71B-0EA05D534206}.Release|Any CPU.ActiveCfg = Debug|Itanium
		{96DAC3BB-7416-4E5F-A71B-0EA05D534206}.Release|Itanium.ActiveCfg = Debug|Itanium
		{96DAC3BB-7416-4E5F-A71B-0EA05D534206}.Release|Itanium.Build.0 = Debug|Itanium
		{96DAC3BB-7416-4E5F-A71B-0EA05D534206}.Release|Mixed Platforms.ActiveCfg = Debug|Itanium
		{96DAC3BB-7416-4E5F-A71B-0EA05D534206}.Release|Mixed Platforms.Build.0 = Debug|Itanium
		{96DAC3BB-7416-4E5F-A71B-0EA05D534206}.Release|Win32.ActiveCfg = Debug|Itanium
		{22730270-4792-4EC8-934F-3B4CEB28EB2E}.Debug|Any CPU.ActiveCfg = Debug|Itanium
		{22730270-4792-4EC8-934F-3B4CEB28EB2E}.Debug|Itanium.ActiveCfg = Debug|Itanium
		{22730270-4792-4EC8-934F-3B4CEB28EB2E}.Debug|Itanium.Build.0 = Debug|Itanium
		{22730270-4792-4EC8-934F-3B4CEB28EB2E}.Debug|Mixed Platforms.ActiveCfg = Debug|Itanium
		{22730270-4792-4EC8-934F-3B4CEB28EB2E}.Debug|Mixed Platforms.Build.0 = Debug|Itanium
		{22730270-4792-4EC8-934F-3B4CEB28EB2E}.Debug|Win32.ActiveCfg = Debug|Win32
		{22730270-4792-4EC8-934F-3B4CEB28EB2E}.Debug|Win32.Build.0 = Debug|Win32
		{22730270-4792-4EC8-934F-3B4CEB28EB2E}.Release|Any CPU.ActiveCfg = IA64debug|Itanium
		{22730270-4792-4EC8-934F-3B4CEB28EB2E}.Release|Itanium.ActiveCfg = IA64debug|Itanium
		{22730270-4792-4EC8-934F-3B4CEB28EB2E}.Release|Itanium.Build.0 = IA64debug|Itanium
		{22730270-4792-4EC8-934F-3B4CEB28EB2E}.Release|Mixed Platforms.ActiveCfg = IA64debug|Itanium
		{22730270-4792-4EC8-934F-3B4CEB28EB2E}.Release|Mixed Platforms.Build.0 = IA64debug|Itanium
		{22730270-4792-4EC8-934F-3B4CEB28EB2E}.Release|Win32.ActiveCfg = IA64debug|Itanium
		{FB0FAEB1-B2FB-4BFC-87FB-0AF6049D30C3}.Debug|Any CPU.ActiveCfg = Debug|Itanium
		{FB0FAEB1-B2FB-4BFC-87FB-0AF6049D30C3}.Debug|Itanium.ActiveCfg = Debug|Itanium
		{FB0FAEB1-B2FB-4BFC-87FB-0AF6049D30C3}.Debug|Itanium.Build.0 = Debug|Itanium
		{FB0FAEB1-B2FB-4BFC-87FB-0AF6049D30C3}.Debug|Mixed Platforms.ActiveCfg = Debug|Itanium
		{FB0FAEB1-B2FB-4BFC-87FB-0AF6049D30C3}.Debug|Mixed Platforms.Build.0 = Debug|Itanium
		{FB0FAEB1-B2FB-4BFC-87FB-0AF6049D30C3}.Debug|Win32.ActiveCfg = Debug|Win32
		{FB0FAEB1-B2FB-4BFC-87FB-0AF6049D30C3}.Debug|Win32.Build.0 = Debug|Win32
		{FB0FAEB1-B2FB-4BFC-87FB-0AF6049D30C3}.Release|Any CPU.ActiveCfg = IA64debug|Itanium
		{FB0FAEB1-B2FB-4BFC-87FB-0AF6049D30C3}.Release|Itanium.ActiveCfg = IA64debug|Itanium
		{FB0FAEB1-B2FB-4BFC-87FB-0AF6049D30C3}.Release|Itanium.Build.0 = IA64debug|Itanium
		{FB0FAEB1-B2FB-4BFC-87FB-0AF6049D30C3}.Release|Mixed Platforms.ActiveCfg = IA64debug|Itanium
		{FB0FAEB1-B2FB-4BFC-87FB-0AF6049D30C3}.Release|Mixed Platforms.Build.0 = IA64debug|Itanium
		{FB0FAEB1-B2FB-4BFC-87FB-0AF6049D30C3}.Release|Win32.ActiveCfg = IA64debug|Itanium
		{498C3227-FD0A-4E12-BAA7-0883ACDE0D25}.Debug|Any CPU.ActiveCfg = Debug|Itanium
		{498C3227-FD0A-4E12-BAA7-0883ACDE0D25}.Debug|Itanium.ActiveCfg = Debug|Itanium
		{498C3227-FD0A-4E12-BAA7-0883ACDE0D25}.Debug|Itanium.Build.0 = Debug|Itanium
		{498C3227-FD0A-4E12-BAA7-0883ACDE0D25}.Debug|Mixed Platforms.ActiveCfg = Debug|Itanium
		{498C3227-FD0A-4E12-BAA7-0883ACDE0D25}.Debug|Mixed Platforms.Build.0 = Debug|Itanium
		{498C3227-FD0A-4E12-BAA7-0883ACDE0D25}.Debug|Win32.ActiveCfg = Debug|Win32
		{498C3227-FD0A-4E12-BAA7-0883ACDE0D25}.Debug|Win32.Build.0 = Debug|Win32
		{498C3227-FD0A-4E12-BAA7-0883ACDE0D25}.Release|Any CPU.ActiveCfg = IA64debug|Itanium
		{498C3227-FD0A-4E12-BAA7-0883ACDE0D25}.Release|Itanium.ActiveCfg = IA64debug|Itanium
		{498C3227-FD0A-4E12-BAA7-0883ACDE0D25}.Release|Itanium.Build.0 = IA64debug|Itanium
		{498C3227-FD0A-4E12-BAA7-0883ACDE0D25}.Release|Mixed Platforms.ActiveCfg = IA64debug|Itanium
		{498C3227-FD0A-4E12-BAA7-0883ACDE0D25}.Release|Mixed Platforms.Build.0 = IA64debug|Itanium
		{498C3227-FD0A-4E12-BAA7-0883ACDE0D25}.Release|Win32.ActiveCfg = IA64debug|Itanium
		{81AEDEE7-9FBA-4FFF-AC8B-4CEF12F99C17}.Debug|Any CPU.ActiveCfg = Debug|Itanium
		{81AEDEE7-9FBA-4FFF-AC8B-4CEF12F99C17}.Debug|Itanium.ActiveCfg = Debug|Itanium
		{81AEDEE7-9FBA-4FFF-AC8B-4CEF12F99C17}.Debug|Itanium.Build.0 = Debug|Itanium
		{81AEDEE7-9FBA-4FFF-AC8B-4CEF12F99C17}.Debug|Mixed Platforms.ActiveCfg = Debug|Itanium
		{81AEDEE7-9FBA-4FFF-AC8B-4CEF12F99C17}.Debug|Mixed Platforms.Build.0 = Debug|Itanium
		{81AEDEE7-9FBA-4FFF-AC8B-4CEF12F99C17}.Debug|Win32.ActiveCfg = Debug|Win32
		{81AEDEE7-9FBA-4FFF-AC8B-4CEF12F99C17}.Debug|Win32.Build.0 = Debug|Win32
		{81AEDEE7-9FBA-4FFF-AC8B-4CEF12F99C17}.Release|Any CPU.ActiveCfg = IA64debug|Itanium
		{81AEDEE7-9FBA-4FFF-AC8B-4CEF12F99C17}.Release|Itanium.ActiveCfg = IA64debug|Itanium
		{81AEDEE7-9FBA-4FFF-AC8B-4CEF12F99C17}.Release|Itanium.Build.0 = IA64debug|Itanium
		{81AEDEE7-9FBA-4FFF-AC8B-4CEF12F99C17}.Release|Mixed Platforms.ActiveCfg = IA64debug|Itanium
		{81AEDEE7-9FBA-4FFF-AC8B-4CEF12F99C17}.Release|Mixed Platforms.Build.0 = IA64debug|Itanium
		{81AEDEE7-9FBA-4FFF-AC8B-4CEF12F99C17}.Release|Win32.ActiveCfg = IA64debug|Itanium
		{CE0CABF1-E104-4957-8023-5C76CFC09DB1}.Debug|Any CPU.ActiveCfg = Debug|Itanium
		{CE0CABF1-E104-4957-8023-5C76CFC09DB1}.Debug|Itanium.ActiveCfg = Debug|Itanium
		{CE0CABF1-E104-4957-8023-5C76CFC09DB1}.Debug|Itanium.Build.0 = Debug|Itanium
		{CE0CABF1-E104-4957-8023-5C76CFC09DB1}.Debug|Mixed Platforms.ActiveCfg = Debug|Itanium
		{CE0CABF1-E104-4957-8023-5C76CFC09DB1}.Debug|Mixed Platforms.Build.0 = Debug|Itanium
		{CE0CABF1-E104-4957-8023-5C76CFC09DB1}.Debug|Win32.ActiveCfg = Debug|Win32
		{CE0CABF1-E104-4957-8023-5C76CFC09DB1}.Debug|Win32.Build.0 = Debug|Win32
		{CE0CABF1-E104-4957-8023-5C76CFC09DB1}.Release|Any CPU.ActiveCfg = IA64debug|Itanium
		{CE0CABF1-E104-4957-8023-5C76CFC09DB1}.Release|Itanium.ActiveCfg = IA64debug|Itanium
		{CE0CABF1-E104-4957-8023-5C76CFC09DB1}.Release|Itanium.Build.0 = IA64debug|Itanium
		{CE0CABF1-E104-4957-8023-5C76CFC09DB1}.Release|Mixed Platforms.ActiveCfg = IA64debug|Itanium
		{CE0CABF1-E104-4957-8023-5C76CFC09DB1}.Release|Mixed Platforms.Build.0 = IA64debug|Itanium
		{CE0CABF1-E104-4957-8023-5C76CFC09DB1}.Release|Win32.ActiveCfg = IA64debug|Itanium
		{7406F00F-58D0-47EA-9929-9173DC7B2569}.Debug|Any CPU.ActiveCfg = Debug|Itanium
		{7406F00F-58D0-47EA-9929-9173DC7B2569}.Debug|Itanium.ActiveCfg = Debug|Itanium
		{7406F00F-58D0-47EA-9929-9173DC7B2569}.Debug|Itanium.Build.0 = Debug|Itanium
		{7406F00F-58D0-47EA-9929-9173DC7B2569}.Debug|Mixed Platforms.ActiveCfg = Debug|Itanium
		{7406F00F-58D0-47EA-9929-9173DC7B2569}.Debug|Mixed Platforms.Build.0 = Debug|Itanium
		{7406F00F-58D0-47EA-9929-9173DC7B2569}.Debug|Win32.ActiveCfg = Debug|Win32
		{7406F00F-58D0-47EA-9929-9173DC7B2569}.Debug|Win32.Build.0 = Debug|Win32
		{7406F00F-58D0-47EA-9929-9173DC7B2569}.Release|Any CPU.ActiveCfg = IA64debug|Itanium
		{7406F00F-58D0-47EA-9929-9173DC7B2569}.Release|Itanium.ActiveCfg = IA64debug|Itanium
		{7406F00F-58D0-47EA-9929-9173DC7B2569}.Release|Itanium.Build.0 = IA64debug|Itanium
		{7406F00F-58D0-47EA-9929-9173DC7B2569}.Release|Mixed Platforms.ActiveCfg = IA64debug|Itanium
		{7406F00F-58D0-47EA-9929-9173DC7B2569}.Release|Mixed Platforms.Build.0 = IA64debug|Itanium
		{7406F00F-58D0-47EA-9929-9173DC7B2569}.Release|Win32.ActiveCfg = IA64debug|Itanium
		{F0BFAD6B-52B1-4933-B371-85545347B97E}.Debug|Any CPU.ActiveCfg = Debug|Itanium
		{F0BFAD6B-52B1-4933-B371-85545347B97E}.Debug|Itanium.ActiveCfg = Debug|Itanium
		{F0BFAD6B-52B1-4933-B371-85545347B97E}.Debug|Itanium.Build.0 = Debug|Itanium
		{F0BFAD6B-52B1-4933-B371-85545347B97E}.Debug|Mixed Platforms.ActiveCfg = Debug|Itanium
		{F0BFAD6B-52B1-4933-B371-85545347B97E}.Debug|Mixed Platforms.Build.0 = Debug|Itanium
		{F0BFAD6B-52B1-4933-B371-85545347B97E}.Debug|Win32.ActiveCfg = Debug|Win32
		{F0BFAD6B-52B1-4933-B371-85545347B97E}.Debug|Win32.Build.0 = Debug|Win32
		{F0BFAD6B-52B1-4933-B371-85545347B97E}.Release|Any CPU.ActiveCfg = IA64debug|Itanium
		{F0BFAD6B-52B1-4933-B371-85545347B97E}.Release|Itanium.ActiveCfg = IA64debug|Itanium
		{F0BFAD6B-52B1-4933-B371-85545347B97E}.Release|Itanium.Build.0 = IA64debug|Itanium
		{F0BFAD6B-52B1-4933-B371-85545347B97E}.Release|Mixed Platforms.ActiveCfg = IA64debug|Itanium
		{F0BFAD6B-52B1-4933-B371-85545347B97E}.Release|Mixed Platforms.Build.0 = IA64debug|Itanium
		{F0BFAD6B-52B1-4933-B371-85545347B97E}.Release|Win32.ActiveCfg = IA64debug|Itanium
		{D1D7FDD3-176E-459E-9048-83E744D52018}.Debug|Any CPU.ActiveCfg = Debug|Itanium
		{D1D7FDD3-176E-459E-9048-83E744D52018}.Debug|Itanium.ActiveCfg = Debug|Itanium
		{D1D7FDD3-176E-459E-9048-83E744D52018}.Debug|Itanium.Build.0 = Debug|Itanium
		{D1D7FDD3-176E-459E-9048-83E744D52018}.Debug|Mixed Platforms.ActiveCfg = Debug|Itanium
		{D1D7FDD3-176E-459E-9048-83E744D52018}.Debug|Mixed Platforms.Build.0 = Debug|Itanium
		{D1D7FDD3-176E-459E-9048-83E744D52018}.Debug|Win32.ActiveCfg = Debug|Win32
		{D1D7FDD3-176E-459E-9048-83E744D52018}.Debug|Win32.Build.0 = Debug|Win32
		{D1D7FDD3-176E-459E-9048-83E744D52018}.Release|Any CPU.ActiveCfg = Debug|Itanium
		{D1D7FDD3-176E-459E-9048-83E744D52018}.Release|Itanium.ActiveCfg = Debug|Itanium
		{D1D7FDD3-176E-459E-9048-83E744D52018}.Release|Itanium.Build.0 = Debug|Itanium
		{D1D7FDD3-176E-459E-9048-83E744D52018}.Release|Mixed Platforms.ActiveCfg = Debug|Itanium
		{D1D7FDD3-176E-459E-9048-83E744D52018}.Release|Mixed Platforms.Build.0 = Debug|Itanium
		{D1D7FDD3-176E-459E-9048-83E744D52018}.Release|Win32.ActiveCfg = Debug|Itanium
		{C1A1B718-E809-43E0-8733-4990787EEA72}.Debug|Any CPU.ActiveCfg = Debug|Itanium
		{C1A1B718-E809-43E0-8733-4990787EEA72}.Debug|Itanium.ActiveCfg = Debug|Itanium
		{C1A1B718-E809-43E0-8733-4990787EEA72}.Debug|Itanium.Build.0 = Debug|Itanium
		{C1A1B718-E809-43E0-8733-4990787EEA72}.Debug|Mixed Platforms.ActiveCfg = Debug|Itanium
		{C1A1B718-E809-43E0-8733-4990787EEA72}.Debug|Mixed Platforms.Build.0 = Debug|Itanium
		{C1A1B718-E809-43E0-8733-4990787EEA72}.Debug|Win32.ActiveCfg = Debug|Win32
		{C1A1B718-E809-43E0-8733-4990787EEA72}.Debug|Win32.Build.0 = Debug|Win32
		{C1A1B718-E809-43E0-8733-4990787EEA72}.Release|Any CPU.ActiveCfg = IA64debug|Itanium
		{C1A1B718-E809-43E0-8733-4990787EEA72}.Release|Itanium.ActiveCfg = IA64debug|Itanium
		{C1A1B718-E809-43E0-8733-4990787EEA72}.Release|Itanium.Build.0 = IA64debug|Itanium
		{C1A1B718-E809-43E0-8733-4990787EEA72}.Release|Mixed Platforms.ActiveCfg = IA64debug|Itanium
		{C1A1B718-E809-43E0-8733-4990787EEA72}.Release|Mixed Platforms.Build.0 = IA64debug|Itanium
		{C1A1B718-E809-43E0-8733-4990787EEA72}.Release|Win32.ActiveCfg = IA64debug|Itanium
		{5582147B-CC1B-4ECB-81A4-4E86E5B52C56}.Debug|Any CPU.ActiveCfg = Debug|Itanium
		{5582147B-CC1B-4ECB-81A4-4E86E5B52C56}.Debug|Itanium.ActiveCfg = Debug|Itanium
		{5582147B-CC1B-4ECB-81A4-4E86E5B52C56}.Debug|Itanium.Build.0 = Debug|Itanium
		{5582147B-CC1B-4ECB-81A4-4E86E5B52C56}.Debug|Mixed Platforms.ActiveCfg = Debug|Itanium
		{5582147B-CC1B-4ECB-81A4-4E86E5B52C56}.Debug|Mixed Platforms.Build.0 = Debug|Itanium
		{5582147B-CC1B-4ECB-81A4-4E86E5B52C56}.Debug|Win32.ActiveCfg = Debug|Win32
		{5582147B-CC1B-4ECB-81A4-4E86E5B52C56}.Debug|Win32.Build.0 = Debug|Win32
		{5582147B-CC1B-4ECB-81A4-4E86E5B52C56}.Release|Any CPU.ActiveCfg = IA64debug|Itanium
		{5582147B-CC1B-4ECB-81A4-4E86E5B52C56}.Release|Itanium.ActiveCfg = IA64debug|Itanium
		{5582147B-CC1B-4ECB-81A4-4E86E5B52C56}.Release|Itanium.Build.0 = IA64debug|Itanium
		{5582147B-CC1B-4ECB-81A4-4E86E5B52C56}.Release|Mixed Platforms.ActiveCfg = IA64debug|Itanium
		{5582147B-CC1B-4ECB-81A4-4E86E5B52C56}.Release|Mixed Platforms.Build.0 = IA64debug|Itanium
		{5582147B-CC1B-4ECB-81A4-4E86E5B52C56}.Release|Win32.ActiveCfg = IA64debug|Itanium
		{6800AC5B-74C0-4D5D-9BB9-EA3924DD39C8}.Debug|Any CPU.ActiveCfg = Debug|Itanium
		{6800AC5B-74C0-4D5D-9BB9-EA3924DD39C8}.Debug|Itanium.ActiveCfg = Debug|Itanium
		{6800AC5B-74C0-4D5D-9BB9-EA3924DD39C8}.Debug|Itanium.Build.0 = Debug|Itanium
		{6800AC5B-74C0-4D5D-9BB9-EA3924DD39C8}.Debug|Mixed Platforms.ActiveCfg = Debug|Itanium
		{6800AC5B-74C0-4D5D-9BB9-EA3924DD39C8}.Debug|Mixed Platforms.Build.0 = Debug|Itanium
		{6800AC5B-74C0-4D5D-9BB9-EA3924DD39C8}.Debug|Win32.ActiveCfg = Debug|Win32
		{6800AC5B-74C0-4D5D-9BB9-EA3924DD39C8}.Debug|Win32.Build.0 = Debug|Win32
		{6800AC5B-74C0-4D5D-9BB9-EA3924DD39C8}.Release|Any CPU.ActiveCfg = IA64debug|Itanium
		{6800AC5B-74C0-4D5D-9BB9-EA3924DD39C8}.Release|Itanium.ActiveCfg = IA64debug|Itanium
		{6800AC5B-74C0-4D5D-9BB9-EA3924DD39C8}.Release|Itanium.Build.0 = IA64debug|Itanium
		{6800AC5B-74C0-4D5D-9BB9-EA3924DD39C8}.Release|Mixed Platforms.ActiveCfg = IA64debug|Itanium
		{6800AC5B-74C0-4D5D-9BB9-EA3924DD39C8}.Release|Mixed Platforms.Build.0 = IA64debug|Itanium
		{6800AC5B-74C0-4D5D-9BB9-EA3924DD39C8}.Release|Win32.ActiveCfg = IA64debug|Itanium
		{664B907F-F1C8-4905-8385-9D71615A40F7}.Debug|Any CPU.ActiveCfg = Debug|Itanium
		{664B907F-F1C8-4905-8385-9D71615A40F7}.Debug|Itanium.ActiveCfg = Debug|Itanium
		{664B907F-F1C8-4905-8385-9D71615A40F7}.Debug|Itanium.Build.0 = Debug|Itanium
		{664B907F-F1C8-4905-8385-9D71615A40F7}.Debug|Mixed Platforms.ActiveCfg = Debug|Itanium
		{664B907F-F1C8-4905-8385-9D71615A40F7}.Debug|Mixed Platforms.Build.0 = Debug|Itanium
		{664B907F-F1C8-4905-8385-9D71615A40F7}.Debug|Win32.ActiveCfg = Debug|Win32
		{664B907F-F1C8-4905-8385-9D71615A40F7}.Debug|Win32.Build.0 = Debug|Win32
		{664B907F-F1C8-4905-8385-9D71615A40F7}.Release|Any CPU.ActiveCfg = IA64debug|Itanium
		{664B907F-F1C8-4905-8385-9D71615A40F7}.Release|Itanium.ActiveCfg = IA64debug|Itanium
		{664B907F-F1C8-4905-8385-9D71615A40F7}.Release|Itanium.Build.0 = IA64debug|Itanium
		{664B907F-F1C8-4905-8385-9D71615A40F7}.Release|Mixed Platforms.ActiveCfg = IA64debug|Itanium
		{664B907F-F1C8-4905-8385-9D71615A40F7}.Release|Mixed Platforms.Build.0 = IA64debug|Itanium
		{664B907F-F1C8-4905-8385-9D71615A40F7}.Release|Win32.ActiveCfg = IA64debug|Itanium
		{5B2B2AF6-08AA-44A6-8599-337AB8AB5D3A}.Debug|Any CPU.ActiveCfg = Debug|Itanium
		{5B2B2AF6-08AA-44A6-8599-337AB8AB5D3A}.Debug|Itanium.ActiveCfg = Debug|Itanium
		{5B2B2AF6-08AA-44A6-8599-337AB8AB5D3A}.Debug|Itanium.Build.0 = Debug|Itanium
		{5B2B2AF6-08AA-44A6-8599-337AB8AB5D3A}.Debug|Mixed Platforms.ActiveCfg = Debug|Itanium
		{5B2B2AF6-08AA-44A6-8599-337AB8AB5D3A}.Debug|Mixed Platforms.Build.0 = Debug|Itanium
		{5B2B2AF6-08AA-44A6-8599-337AB8AB5D3A}.Debug|Win32.ActiveCfg = Debug|Win32
		{5B2B2AF6-08AA-44A6-8599-337AB8AB5D3A}.Debug|Win32.Build.0 = Debug|Win32
		{5B2B2AF6-08AA-44A6-8599-337AB8AB5D3A}.Release|Any CPU.ActiveCfg = IA64debug|Itanium
		{5B2B2AF6-08AA-44A6-8599-337AB8AB5D3A}.Release|Itanium.ActiveCfg = IA64debug|Itanium
		{5B2B2AF6-08AA-44A6-8599-337AB8AB5D3A}.Release|Itanium.Build.0 = IA64debug|Itanium
		{5B2B2AF6-08AA-44A6-8599-337AB8AB5D3A}.Release|Mixed Platforms.ActiveCfg = IA64debug|Itanium
		{5B2B2AF6-08AA-44A6-8599-337AB8AB5D3A}.Release|Mixed Platforms.Build.0 = IA64debug|Itanium
		{5B2B2AF6-08AA-44A6-8599-337AB8AB5D3A}.Release|Win32.ActiveCfg = IA64debug|Itanium
		{8D05D287-858F-4B4D-9FB4-63880C17E01A}.Debug|Any CPU.ActiveCfg = Debug|Itanium
		{8D05D287-858F-4B4D-9FB4-63880C17E01A}.Debug|Itanium.ActiveCfg = Debug|Itanium
		{8D05D287-858F-4B4D-9FB4-63880C17E01A}.Debug|Itanium.Build.0 = Debug|Itanium
		{8D05D287-858F-4B4D-9FB4-63880C17E01A}.Debug|Mixed Platforms.ActiveCfg = Debug|Itanium
		{8D05D287-858F-4B4D-9FB4-63880C17E01A}.Debug|Mixed Platforms.Build.0 = Debug|Itanium
		{8D05D287-858F-4B4D-9FB4-63880C17E01A}.Debug|Win32.ActiveCfg = Debug|Win32
		{8D05D287-858F-4B4D-9FB4-63880C17E01A}.Debug|Win32.Build.0 = Debug|Win32
		{8D05D287-858F-4B4D-9FB4-63880C17E01A}.Release|Any CPU.ActiveCfg = Debug|Itanium
		{8D05D287-858F-4B4D-9FB4-63880C17E01A}.Release|Itanium.ActiveCfg = Debug|Itanium
		{8D05D287-858F-4B4D-9FB4-63880C17E01A}.Release|Itanium.Build.0 = Debug|Itanium
		{8D05D287-858F-4B4D-9FB4-63880C17E01A}.Release|Mixed Platforms.ActiveCfg = Debug|Itanium
		{8D05D287-858F-4B4D-9FB4-63880C17E01A}.Release|Mixed Platforms.Build.0 = Debug|Itanium
		{8D05D287-858F-4B4D-9FB4-63880C17E01A}.Release|Win32.ActiveCfg = Debug|Itanium
		{96C97A2D-E102-4395-8EEA-757ED83F4B9B}.Debug|Any CPU.ActiveCfg = Debug|Itanium
		{96C97A2D-E102-4395-8EEA-757ED83F4B9B}.Debug|Itanium.ActiveCfg = Debug|Itanium
		{96C97A2D-E102-4395-8EEA-757ED83F4B9B}.Debug|Itanium.Build.0 = Debug|Itanium
		{96C97A2D-E102-4395-8EEA-757ED83F4B9B}.Debug|Mixed Platforms.ActiveCfg = Debug|Itanium
		{96C97A2D-E102-4395-8EEA-757ED83F4B9B}.Debug|Mixed Platforms.Build.0 = Debug|Itanium
		{96C97A2D-E102-4395-8EEA-757ED83F4B9B}.Debug|Win32.ActiveCfg = Debug|Win32
		{96C97A2D-E102-4395-8EEA-757ED83F4B9B}.Debug|Win32.Build.0 = Debug|Win32
		{96C97A2D-E102-4395-8EEA-757ED83F4B9B}.Release|Any CPU.ActiveCfg = Debug|Itanium
		{96C97A2D-E102-4395-8EEA-757ED83F4B9B}.Release|Itanium.ActiveCfg = Debug|Itanium
		{96C97A2D-E102-4395-8EEA-757ED83F4B9B}.Release|Itanium.Build.0 = Debug|Itanium
		{96C97A2D-E102-4395-8EEA-757ED83F4B9B}.Release|Mixed Platforms.ActiveCfg = Debug|Itanium
		{96C97A2D-E102-4395-8EEA-757ED83F4B9B}.Release|Mixed Platforms.Build.0 = Debug|Itanium
		{96C97A2D-E102-4395-8EEA-757ED83F4B9B}.Release|Win32.ActiveCfg = Debug|Itanium
		{58226949-776E-4B56-B9B5-4A59F50FADC3}.Debug|Any CPU.ActiveCfg = Debug|Itanium
		{58226949-776E-4B56-B9B5-4A59F50FADC3}.Debug|Itanium.ActiveCfg = Debug|Itanium
		{58226949-776E-4B56-B9B5-4A59F50FADC3}.Debug|Itanium.Build.0 = Debug|Itanium
		{58226949-776E-4B56-B9B5-4A59F50FADC3}.Debug|Mixed Platforms.ActiveCfg = Debug|Itanium
		{58226949-776E-4B56-B9B5-4A59F50FADC3}.Debug|Mixed Platforms.Build.0 = Debug|Itanium
		{58226949-776E-4B56-B9B5-4A59F50FADC3}.Debug|Win32.ActiveCfg = Debug|Win32
		{58226949-776E-4B56-B9B5-4A59F50FADC3}.Debug|Win32.Build.0 = Debug|Win32
		{58226949-776E-4B56-B9B5-4A59F50FADC3}.Release|Any CPU.ActiveCfg = Debug|Itanium
		{58226949-776E-4B56-B9B5-4A59F50FADC3}.Release|Itanium.ActiveCfg = Debug|Itanium
		{58226949-776E-4B56-B9B5-4A59F50FADC3}.Release|Itanium.Build.0 = Debug|Itanium
		{58226949-776E-4B56-B9B5-4A59F50FADC3}.Release|Mixed Platforms.ActiveCfg = Debug|Itanium
		{58226949-776E-4B56-B9B5-4A59F50FADC3}.Release|Mixed Platforms.Build.0 = Debug|Itanium
		{58226949-776E-4B56-B9B5-4A59F50FADC3}.Release|Win32.ActiveCfg = Debug|Itanium
		{24452BE0-5BF2-42B9-B9AC-200E81E1D4BA}.Debug|Any CPU.ActiveCfg = Debug|Any CPU
		{24452BE0-5BF2-42B9-B9AC-200E81E1D4BA}.Debug|Any CPU.Build.0 = Debug|Any CPU
		{24452BE0-5BF2-42B9-B9AC-200E81E1D4BA}.Debug|Itanium.ActiveCfg = Debug|Any CPU
		{24452BE0-5BF2-42B9-B9AC-200E81E1D4BA}.Debug|Mixed Platforms.ActiveCfg = Debug|Any CPU
		{24452BE0-5BF2-42B9-B9AC-200E81E1D4BA}.Debug|Mixed Platforms.Build.0 = Debug|Any CPU
		{24452BE0-5BF2-42B9-B9AC-200E81E1D4BA}.Debug|Win32.ActiveCfg = Debug|Any CPU
		{24452BE0-5BF2-42B9-B9AC-200E81E1D4BA}.Release|Any CPU.ActiveCfg = Release|Any CPU
		{24452BE0-5BF2-42B9-B9AC-200E81E1D4BA}.Release|Any CPU.Build.0 = Release|Any CPU
		{24452BE0-5BF2-42B9-B9AC-200E81E1D4BA}.Release|Itanium.ActiveCfg = Release|Any CPU
		{24452BE0-5BF2-42B9-B9AC-200E81E1D4BA}.Release|Mixed Platforms.ActiveCfg = Release|Any CPU
		{24452BE0-5BF2-42B9-B9AC-200E81E1D4BA}.Release|Mixed Platforms.Build.0 = Release|Any CPU
		{24452BE0-5BF2-42B9-B9AC-200E81E1D4BA}.Release|Win32.ActiveCfg = Release|Any CPU
		{6CABC1A7-E3AC-489C-8447-6DBDD8692A9B}.Debug|Any CPU.ActiveCfg = Debug|Win32
		{6CABC1A7-E3AC-489C-8447-6DBDD8692A9B}.Debug|Itanium.ActiveCfg = Debug|Itanium
		{6CABC1A7-E3AC-489C-8447-6DBDD8692A9B}.Debug|Mixed Platforms.ActiveCfg = Debug|Win32
		{6CABC1A7-E3AC-489C-8447-6DBDD8692A9B}.Debug|Mixed Platforms.Build.0 = Debug|Win32
		{6CABC1A7-E3AC-489C-8447-6DBDD8692A9B}.Debug|Win32.ActiveCfg = Debug|Win32
		{6CABC1A7-E3AC-489C-8447-6DBDD8692A9B}.Debug|Win32.Build.0 = Debug|Win32
		{6CABC1A7-E3AC-489C-8447-6DBDD8692A9B}.Release|Any CPU.ActiveCfg = Debug|Win32
		{6CABC1A7-E3AC-489C-8447-6DBDD8692A9B}.Release|Itanium.ActiveCfg = Debug|Itanium
		{6CABC1A7-E3AC-489C-8447-6DBDD8692A9B}.Release|Mixed Platforms.ActiveCfg = Debug|Win32
		{6CABC1A7-E3AC-489C-8447-6DBDD8692A9B}.Release|Mixed Platforms.Build.0 = Debug|Win32
		{6CABC1A7-E3AC-489C-8447-6DBDD8692A9B}.Release|Win32.ActiveCfg = Debug|Win32
		{6CABC1A7-E3AC-489C-8447-6DBDD8692A9B}.Release|Win32.Build.0 = Debug|Win32
		{2A2E66E6-1486-4586-999E-2C1F45E61F3C}.Debug|Any CPU.ActiveCfg = Debug|Any CPU
		{2A2E66E6-1486-4586-999E-2C1F45E61F3C}.Debug|Any CPU.Build.0 = Debug|Any CPU
		{2A2E66E6-1486-4586-999E-2C1F45E61F3C}.Debug|Itanium.ActiveCfg = Debug|Any CPU
		{2A2E66E6-1486-4586-999E-2C1F45E61F3C}.Debug|Mixed Platforms.ActiveCfg = Debug|Any CPU
		{2A2E66E6-1486-4586-999E-2C1F45E61F3C}.Debug|Mixed Platforms.Build.0 = Debug|Any CPU
		{2A2E66E6-1486-4586-999E-2C1F45E61F3C}.Debug|Win32.ActiveCfg = Debug|Any CPU
		{2A2E66E6-1486-4586-999E-2C1F45E61F3C}.Release|Any CPU.ActiveCfg = Release|Any CPU
		{2A2E66E6-1486-4586-999E-2C1F45E61F3C}.Release|Any CPU.Build.0 = Release|Any CPU
		{2A2E66E6-1486-4586-999E-2C1F45E61F3C}.Release|Itanium.ActiveCfg = Release|Any CPU
		{2A2E66E6-1486-4586-999E-2C1F45E61F3C}.Release|Mixed Platforms.ActiveCfg = Release|Any CPU
		{2A2E66E6-1486-4586-999E-2C1F45E61F3C}.Release|Mixed Platforms.Build.0 = Release|Any CPU
		{2A2E66E6-1486-4586-999E-2C1F45E61F3C}.Release|Win32.ActiveCfg = Release|Any CPU
	EndGlobalSection
	GlobalSection(SolutionProperties) = preSolution
		HideSolutionNode = FALSE
	EndGlobalSection
EndGlobal
