Microsoft Visual Studio Solution File, Format Version 10.00
# Visual Studio 2008
Project("{8BC9CEB8-8B4A-11D0-8D11-00A0C91BC942}") = "WebClient", "WebClient\WebClient.vcproj", "{82EE13C0-8D93-42E7-B8D9-E0B54BD1D1BD}"
EndProject
Project("{8BC9CEB8-8B4A-11D0-8D11-00A0C91BC942}") = "WebServer", "WebServer\WebServer.vcproj", "{E23660F5-7749-4081-9531-5948DABE2001}"
EndProject
Global
	GlobalSection(SolutionConfigurationPlatforms) = preSolution
		Debug|Win32 = Debug|Win32
		IA64debug|Win32 = IA64debug|Win32
	EndGlobalSection
	GlobalSection(ProjectConfigurationPlatforms) = postSolution
		{82EE13C0-8D93-42E7-B8D9-E0B54BD1D1BD}.Debug|Win32.ActiveCfg = Debug|Win32
		{82EE13C0-8D93-42E7-B8D9-E0B54BD1D1BD}.Debug|Win32.Build.0 = Debug|Win32
		{82EE13C0-8D93-42E7-B8D9-E0B54BD1D1BD}.IA64debug|Win32.ActiveCfg = IA64debug|Win32
		{82EE13C0-8D93-42E7-B8D9-E0B54BD1D1BD}.IA64debug|Win32.Build.0 = IA64debug|Win32
		{E23660F5-7749-4081-9531-5948DABE2001}.Debug|Win32.ActiveCfg = Debug|Win32
		{E23660F5-7749-4081-9531-5948DABE2001}.Debug|Win32.Build.0 = Debug|Win32
		{E23660F5-7749-4081-9531-5948DABE2001}.IA64debug|Win32.ActiveCfg = IA64debug|Win32
		{E23660F5-7749-4081-9531-5948DABE2001}.IA64debug|Win32.Build.0 = IA64debug|Win32
	EndGlobalSection
	GlobalSection(SolutionProperties) = preSolution
		HideSolutionNode = FALSE
	EndGlobalSection
EndGlobal
